
Microsoft Visual Studio Solution File, Format Version 12.00
# Visual Studio Version 16
VisualStudioVersion = 16.0.31005.135
MinimumVisualStudioVersion = 10.0.40219.1
Project("{FAE04EC0-301F-11D3-BF4B-00C04F79EFBC}") = "DataAccess", "DataAccess\DataAccess.csproj", "{4F55F17E-9BEC-455D-BAAC-C8E024C88AB4}"
EndProject
Project("{FAE04EC0-301F-11D3-BF4B-00C04F79EFBC}") = "Business", "Business\Business.csproj", "{9CCF5259-0B8D-439C-BF50-C81E864B7E4B}"
EndProject
Project("{FAE04EC0-301F-11D3-BF4B-00C04F79EFBC}") = "Entities", "Entities\Entities.csproj", "{577566A6-0484-44A9-A85B-EE73FCBE08A5}"
EndProject
Project("{FAE04EC0-301F-11D3-BF4B-00C04F79EFBC}") = "ConsoleUI", "ConsoleUI\ConsoleUI.csproj", "{97A1B50A-3A00-4EDB-A2EE-2E9AE19CEAE4}"
EndProject
Global
	GlobalSection(SolutionConfigurationPlatforms) = preSolution
		Debug|Any CPU = Debug|Any CPU
		Release|Any CPU = Release|Any CPU
	EndGlobalSection
	GlobalSection(ProjectConfigurationPlatforms) = postSolution
		{4F55F17E-9BEC-455D-BAAC-C8E024C88AB4}.Debug|Any CPU.ActiveCfg = Debug|Any CPU
		{4F55F17E-9BEC-455D-BAAC-C8E024C88AB4}.Debug|Any CPU.Build.0 = Debug|Any CPU
		{4F55F17E-9BEC-455D-BAAC-C8E024C88AB4}.Release|Any CPU.ActiveCfg = Release|Any CPU
		{4F55F17E-9BEC-455D-BAAC-C8E024C88AB4}.Release|Any CPU.Build.0 = Release|Any CPU
		{9CCF5259-0B8D-439C-BF50-C81E864B7E4B}.Debug|Any CPU.ActiveCfg = Debug|Any CPU
		{9CCF5259-0B8D-439C-BF50-C81E864B7E4B}.Debug|Any CPU.Build.0 = Debug|Any CPU
		{9CCF5259-0B8D-439C-BF50-C81E864B7E4B}.Release|Any CPU.ActiveCfg = Release|Any CPU
		{9CCF5259-0B8D-439C-BF50-C81E864B7E4B}.Release|Any CPU.Build.0 = Release|Any CPU
		{577566A6-0484-44A9-A85B-EE73FCBE08A5}.Debug|Any CPU.ActiveCfg = Debug|Any CPU
		{577566A6-0484-44A9-A85B-EE73FCBE08A5}.Debug|Any CPU.Build.0 = Debug|Any CPU
		{577566A6-0484-44A9-A85B-EE73FCBE08A5}.Release|Any CPU.ActiveCfg = Release|Any CPU
		{577566A6-0484-44A9-A85B-EE73FCBE08A5}.Release|Any CPU.Build.0 = Release|Any CPU
		{97A1B50A-3A00-4EDB-A2EE-2E9AE19CEAE4}.Debug|Any CPU.ActiveCfg = Debug|Any CPU
		{97A1B50A-3A00-4EDB-A2EE-2E9AE19CEAE4}.Debug|Any CPU.Build.0 = Debug|Any CPU
		{97A1B50A-3A00-4EDB-A2EE-2E9AE19CEAE4}.Release|Any CPU.ActiveCfg = Release|Any CPU
		{97A1B50A-3A00-4EDB-A2EE-2E9AE19CEAE4}.Release|Any CPU.Build.0 = Release|Any CPU
	EndGlobalSection
	GlobalSection(SolutionProperties) = preSolution
		HideSolutionNode = FALSE
	EndGlobalSection
	GlobalSection(ExtensibilityGlobals) = postSolution
		SolutionGuid = {2ED3C48E-7730-4397-8508-7E565D698758}
	EndGlobalSection
EndGlobal
